
Microsoft Visual Studio Solution File, Format Version 12.00
# Visual Studio Version 16
VisualStudioVersion = 16.0.32106.194
MinimumVisualStudioVersion = 10.0.40219.1
Project("{FAE04EC0-301F-11D3-BF4B-00C04F79EFBC}") = "WebApp", "WebApp\WebApp.csproj", "{36D1C670-FAE6-41CA-846E-4A28FE6A066D}"
EndProject
Project("{FAE04EC0-301F-11D3-BF4B-00C04F79EFBC}") = "Lib.Data", "Lib.Data\Lib.Data.csproj", "{5DFAA9A3-7BE7-4283-8372-11CB56F54102}"
EndProject
Project("{FAE04EC0-301F-11D3-BF4B-00C04F79EFBC}") = "Lib.Services", "Lib.Services\Lib.Services.csproj", "{25430122-FBB6-4384-B07E-DE47A15B0786}"
EndProject
Project("{FAE04EC0-301F-11D3-BF4B-00C04F79EFBC}") = "Lib.Dto", "Lib.Dto\Lib.Dto.csproj", "{E1DB2532-81E4-4084-BAD8-BE3484847734}"
EndProject
Global
	GlobalSection(SolutionConfigurationPlatforms) = preSolution
		Debug|Any CPU = Debug|Any CPU
		Release|Any CPU = Release|Any CPU
	EndGlobalSection
	GlobalSection(ProjectConfigurationPlatforms) = postSolution
		{36D1C670-FAE6-41CA-846E-4A28FE6A066D}.Debug|Any CPU.ActiveCfg = Debug|Any CPU
		{36D1C670-FAE6-41CA-846E-4A28FE6A066D}.Debug|Any CPU.Build.0 = Debug|Any CPU
		{36D1C670-FAE6-41CA-846E-4A28FE6A066D}.Release|Any CPU.ActiveCfg = Release|Any CPU
		{36D1C670-FAE6-41CA-846E-4A28FE6A066D}.Release|Any CPU.Build.0 = Release|Any CPU
		{5DFAA9A3-7BE7-4283-8372-11CB56F54102}.Debug|Any CPU.ActiveCfg = Debug|Any CPU
		{5DFAA9A3-7BE7-4283-8372-11CB56F54102}.Debug|Any CPU.Build.0 = Debug|Any CPU
		{5DFAA9A3-7BE7-4283-8372-11CB56F54102}.Release|Any CPU.ActiveCfg = Release|Any CPU
		{5DFAA9A3-7BE7-4283-8372-11CB56F54102}.Release|Any CPU.Build.0 = Release|Any CPU
		{25430122-FBB6-4384-B07E-DE47A15B0786}.Debug|Any CPU.ActiveCfg = Debug|Any CPU
		{25430122-FBB6-4384-B07E-DE47A15B0786}.Debug|Any CPU.Build.0 = Debug|Any CPU
		{25430122-FBB6-4384-B07E-DE47A15B0786}.Release|Any CPU.ActiveCfg = Release|Any CPU
		{25430122-FBB6-4384-B07E-DE47A15B0786}.Release|Any CPU.Build.0 = Release|Any CPU
		{E1DB2532-81E4-4084-BAD8-BE3484847734}.Debug|Any CPU.ActiveCfg = Debug|Any CPU
		{E1DB2532-81E4-4084-BAD8-BE3484847734}.Debug|Any CPU.Build.0 = Debug|Any CPU
		{E1DB2532-81E4-4084-BAD8-BE3484847734}.Release|Any CPU.ActiveCfg = Release|Any CPU
		{E1DB2532-81E4-4084-BAD8-BE3484847734}.Release|Any CPU.Build.0 = Release|Any CPU
	EndGlobalSection
	GlobalSection(SolutionProperties) = preSolution
		HideSolutionNode = FALSE
	EndGlobalSection
	GlobalSection(ExtensibilityGlobals) = postSolution
		SolutionGuid = {B52BC29E-A2E0-4137-A4ED-DCDB4ECB66D7}
	EndGlobalSection
EndGlobal
